# -------------------------------------------------------------------------- #
#
# Copyright (C) 1991-2011 Altera Corporation
# Your use of Altera Corporation's design tools, logic functions 
# and other software and tools, and its AMPP partner logic 
# functions, and any output files from any of the foregoing 
# (including device programming or simulation files), and any 
# associated documentation or information are expressly subject 
# to the terms and conditions of the Altera Program License 
# Subscription Agreement, Altera MegaCore Function License 
# Agreement, or other applicable license agreement, including, 
# without limitation, that your use is for the sole purpose of 
# programming logic devices manufactured by Altera and sold by 
# Altera or its authorized distributors.  Please refer to the 
# applicable agreement for further details.
#
# -------------------------------------------------------------------------- #
#
# Quartus II 64-Bit
# Version 10.1 Build 197 01/19/2011 Service Pack 1 SJ Full Version
# Date created = 13:26:00  September 05, 2011
#
# -------------------------------------------------------------------------- #
#
# Notes:
#
# 1) The default values for assignments are stored in the file:
#		test3_assignment_defaults.qdf
#    If this file doesn't exist, see file:
#		assignment_defaults.qdf
#
# 2) Altera recommends that you do not modify this file. This
#    file is updated automatically by the Quartus II software
#    and any changes you make may be lost or overwritten.
#
# -------------------------------------------------------------------------- #


set_global_assignment -name FAMILY "Stratix IV"
set_global_assignment -name DEVICE EP4SGX230KF40C2
set_global_assignment -name TOP_LEVEL_ENTITY switch_top
set_global_assignment -name ORIGINAL_QUARTUS_VERSION "10.1 SP1"
set_global_assignment -name PROJECT_CREATION_TIME_DATE "13:26:00  SEPTEMBER 05, 2011"
set_global_assignment -name LAST_QUARTUS_VERSION "25.1std.0 Standard Edition"
set_global_assignment -name MIN_CORE_JUNCTION_TEMP 0
set_global_assignment -name MAX_CORE_JUNCTION_TEMP 85
set_global_assignment -name DEVICE_FILTER_SPEED_GRADE 2
set_global_assignment -name ERROR_CHECK_FREQUENCY_DIVISOR 256
set_global_assignment -name POWER_PRESET_COOLING_SOLUTION "23 MM HEAT SINK WITH 200 LFPM AIRFLOW"
set_global_assignment -name POWER_BOARD_THERMAL_MODEL "NONE (CONSERVATIVE)"
set_global_assignment -name STRATIX_DEVICE_IO_STANDARD "2.5 V"
set_location_assignment PIN_AH5 -to reset_n
set_instance_assignment -name IO_STANDARD LVDS -to rx
set_instance_assignment -name IO_STANDARD LVDS -to tx
set_location_assignment PIN_A21 -to clk_100
set_instance_assignment -name IO_STANDARD "1.8 V" -to clk_100
set_location_assignment PIN_AG5 -to reset_phy_in
set_global_assignment -name PARTITION_NETLIST_TYPE SOURCE -section_id Top
set_global_assignment -name PARTITION_FITTER_PRESERVATION_LEVEL PLACEMENT_AND_ROUTING -section_id Top
set_global_assignment -name PARTITION_COLOR 16764057 -section_id Top
set_instance_assignment -name IO_STANDARD "1.8 V" -to int[0]
set_location_assignment PIN_B20 -to int[0]
set_location_assignment PIN_AG30 -to int[1]
set_location_assignment PIN_AE30 -to int[2]
set_location_assignment PIN_AE31 -to int[3]
set_location_assignment PIN_R30 -to mdc[0]
set_location_assignment PIN_J6 -to mdc[1]
set_location_assignment PIN_K6 -to mdc[2]
set_location_assignment PIN_N7 -to mdc[3]
set_location_assignment PIN_N8 -to mdio[3]
set_location_assignment PIN_K5 -to mdio[2]
set_location_assignment PIN_J5 -to mdio[1]
set_location_assignment PIN_W32 -to mdio[0]
set_location_assignment PIN_V29 -to rst
set_location_assignment PIN_T30 -to tx[0]
set_location_assignment PIN_T31 -to "tx[0](n)"
set_location_assignment PIN_R33 -to "tx[1](n)"
set_location_assignment PIN_R32 -to tx[1]
set_location_assignment PIN_M32 -to tx[2]
set_location_assignment PIN_L32 -to "tx[2](n)"
set_location_assignment PIN_P31 -to tx[3]
set_location_assignment PIN_P32 -to "tx[3](n)"
set_instance_assignment -name IO_STANDARD LVDS -to "tx[1](n)"
set_location_assignment PIN_U31 -to rx[0]
set_location_assignment PIN_V31 -to "rx[0](n)"
set_location_assignment PIN_N33 -to rx[1]
set_location_assignment PIN_N34 -to "rx[1](n)"
set_location_assignment PIN_K34 -to rx[2]
set_location_assignment PIN_K35 -to "rx[2](n)"
set_location_assignment PIN_J34 -to rx[3]
set_location_assignment PIN_J35 -to "rx[3](n)"
set_location_assignment PIN_AP20 -to fan_ctrl
set_instance_assignment -name IO_STANDARD "1.8 V" -to fan_ctrl
set_global_assignment -name PARTITION_NETLIST_TYPE SOURCE -section_id "transceivers:GEx4"
set_global_assignment -name PARTITION_FITTER_PRESERVATION_LEVEL PLACEMENT_AND_ROUTING -section_id "transceivers:GEx4"
set_global_assignment -name PARTITION_COLOR 39423 -section_id "transceivers:GEx4"
set_global_assignment -name MISC_FILE test3/test3.dpf
set_global_assignment -name SEARCH_PATH test3/ -tag from_archive
set_global_assignment -name SEARCH_PATH "triple_speed_ethernet-library/" -tag from_archive
set_global_assignment -name SYSTEMVERILOG_FILE ../../rtl/crossbar/buffer/voq_buffer_cixb2.sv
set_global_assignment -name VERILOG_FILE ../../rtl/crossbar/buffer/fifo.v
set_global_assignment -name QIP_FILE ../../rtl/crossbar/FIFOs/pkt_len_fifo.qip
set_global_assignment -name SYSTEMVERILOG_FILE ../../rtl/crossbar/scheduler/drr_scheduler.sv
set_global_assignment -name SYSTEMVERILOG_FILE ../../rtl/crossbar/crossbar_top.sv
set_global_assignment -name SYSTEMVERILOG_FILE ../../rtl/mac_learner/mac_learner.sv
set_global_assignment -name QIP_FILE ../../rtl/fcs_control/FIFOs/src_mac/src_mac_fifo.qip
set_global_assignment -name QIP_FILE ../../rtl/fcs_control/FIFOs/packet_status/packet_status_fifo.qip
set_global_assignment -name QIP_FILE ../../rtl/fcs_control/FIFOs/packet_length/packet_length_fifo.qip
set_global_assignment -name QIP_FILE ../../rtl/fcs_control/FIFOs/dst_mac/dst_mac_fifo.qip
set_global_assignment -name QIP_FILE ../../rtl/fcs_control/FIFOs/data/data_fifo.qip
set_global_assignment -name SYSTEMVERILOG_FILE ../../rtl/fcs_control/output_control.sv
set_global_assignment -name SYSTEMVERILOG_FILE ../../rtl/fcs_control/fcs_control.sv
set_global_assignment -name SYSTEMVERILOG_FILE ../../rtl/fcs_control/crc_calculator.sv
set_global_assignment -name SYSTEMVERILOG_FILE ../../rtl/switchcore.sv
set_global_assignment -name VHDL_FILE transceivers.vhd
set_global_assignment -name QIP_FILE prb.qip
set_global_assignment -name SOURCE_FILE Spf1.spf
set_global_assignment -name QIP_FILE clkgen.qip
set_global_assignment -name QIP_FILE tse.qip
set_global_assignment -name SOURCE_FILE Spf2.spf
set_global_assignment -name VHDL_FILE mdio.vhd
set_global_assignment -name VHDL_FILE phy_setup.vhd
set_global_assignment -name VHDL_FILE switch_top.vhd
set_global_assignment -name QIP_FILE clksync.qip
set_global_assignment -name VHDL_FILE clk_decoup.vhd
set_instance_assignment -name PARTITION_HIERARCHY root_partition -to | -section_id Top
set_instance_assignment -name PARTITION_HIERARCHY gex4_93441 -to "transceivers:GEx4" -section_id "transceivers:GEx4"